
Microsoft Visual Studio Solution File, Format Version 12.00
# Visual Studio Version 16
VisualStudioVersion = 16.0.30204.135
MinimumVisualStudioVersion = 10.0.40219.1
Project("{FAE04EC0-301F-11D3-BF4B-00C04F79EFBC}") = "Api.RestSharp.TestFramework", "Api.RestSharp.TestFramework\Api.RestSharp.TestFramework.csproj", "{CC2723E2-DEA8-42B4-99FE-0721C455F585}"
EndProject
Project("{FAE04EC0-301F-11D3-BF4B-00C04F79EFBC}") = "Api.RestSharp.TestFrameworkTests", "Api.RestSharp.TestFrameworkTests\Api.RestSharp.TestFrameworkTests.csproj", "{C8E91B22-DF3E-4632-871E-69E16BA11329}"
EndProject
Global
	GlobalSection(SolutionConfigurationPlatforms) = preSolution
		Debug|Any CPU = Debug|Any CPU
		Release|Any CPU = Release|Any CPU
	EndGlobalSection
	GlobalSection(ProjectConfigurationPlatforms) = postSolution
		{CC2723E2-DEA8-42B4-99FE-0721C455F585}.Debug|Any CPU.ActiveCfg = Debug|Any CPU
		{CC2723E2-DEA8-42B4-99FE-0721C455F585}.Debug|Any CPU.Build.0 = Debug|Any CPU
		{CC2723E2-DEA8-42B4-99FE-0721C455F585}.Release|Any CPU.ActiveCfg = Release|Any CPU
		{CC2723E2-DEA8-42B4-99FE-0721C455F585}.Release|Any CPU.Build.0 = Release|Any CPU
		{C8E91B22-DF3E-4632-871E-69E16BA11329}.Debug|Any CPU.ActiveCfg = Debug|Any CPU
		{C8E91B22-DF3E-4632-871E-69E16BA11329}.Debug|Any CPU.Build.0 = Debug|Any CPU
		{C8E91B22-DF3E-4632-871E-69E16BA11329}.Release|Any CPU.ActiveCfg = Release|Any CPU
		{C8E91B22-DF3E-4632-871E-69E16BA11329}.Release|Any CPU.Build.0 = Release|Any CPU
	EndGlobalSection
	GlobalSection(SolutionProperties) = preSolution
		HideSolutionNode = FALSE
	EndGlobalSection
	GlobalSection(ExtensibilityGlobals) = postSolution
		SolutionGuid = {8F5B4221-F53A-4E4D-BB5C-B02E255B2C3C}
	EndGlobalSection
EndGlobal
